
Microsoft Visual Studio Solution File, Format Version 12.00
# Visual Studio 15
VisualStudioVersion = 15.0.28010.2041
MinimumVisualStudioVersion = 10.0.40219.1
Project("{FAE04EC0-301F-11D3-BF4B-00C04F79EFBC}") = "MailSender.Forms.Android", "MailSender.Forms\MailSender.Forms.Android\MailSender.Forms.Android.csproj", "{C9D2BBCC-3634-4941-9922-5A66947D2671}"
EndProject
Project("{FAE04EC0-301F-11D3-BF4B-00C04F79EFBC}") = "MailSender.Forms.iOS", "MailSender.Forms\MailSender.Forms.iOS\MailSender.Forms.iOS.csproj", "{9026B5BB-BFD1-4A40-B7CC-8FE7DDC91EE3}"
EndProject
Project("{9A19103F-16F7-4668-BE54-9A1E7A4F7556}") = "MailSender.Forms", "MailSender.Forms\MailSender.Forms\MailSender.Forms.csproj", "{7D335382-AF9F-450A-ABB6-ECDF8A61E19E}"
EndProject
Project("{FAE04EC0-301F-11D3-BF4B-00C04F79EFBC}") = "MailSender.Utils", "MailSender.Utils\MailSender.Utils.csproj", "{DAE4E100-E752-45D3-8CC1-131C0625AA28}"
EndProject
Global
	GlobalSection(SolutionConfigurationPlatforms) = preSolution
		Debug|Any CPU = Debug|Any CPU
		Debug|iPhone = Debug|iPhone
		Debug|iPhoneSimulator = Debug|iPhoneSimulator
		Release|Any CPU = Release|Any CPU
		Release|iPhone = Release|iPhone
		Release|iPhoneSimulator = Release|iPhoneSimulator
	EndGlobalSection
	GlobalSection(ProjectConfigurationPlatforms) = postSolution
		{C9D2BBCC-3634-4941-9922-5A66947D2671}.Debug|Any CPU.ActiveCfg = Debug|Any CPU
		{C9D2BBCC-3634-4941-9922-5A66947D2671}.Debug|Any CPU.Build.0 = Debug|Any CPU
		{C9D2BBCC-3634-4941-9922-5A66947D2671}.Debug|Any CPU.Deploy.0 = Debug|Any CPU
		{C9D2BBCC-3634-4941-9922-5A66947D2671}.Debug|iPhone.ActiveCfg = Debug|Any CPU
		{C9D2BBCC-3634-4941-9922-5A66947D2671}.Debug|iPhone.Build.0 = Debug|Any CPU
		{C9D2BBCC-3634-4941-9922-5A66947D2671}.Debug|iPhone.Deploy.0 = Debug|Any CPU
		{C9D2BBCC-3634-4941-9922-5A66947D2671}.Debug|iPhoneSimulator.ActiveCfg = Debug|Any CPU
		{C9D2BBCC-3634-4941-9922-5A66947D2671}.Debug|iPhoneSimulator.Build.0 = Debug|Any CPU
		{C9D2BBCC-3634-4941-9922-5A66947D2671}.Debug|iPhoneSimulator.Deploy.0 = Debug|Any CPU
		{C9D2BBCC-3634-4941-9922-5A66947D2671}.Release|Any CPU.ActiveCfg = Release|Any CPU
		{C9D2BBCC-3634-4941-9922-5A66947D2671}.Release|Any CPU.Build.0 = Release|Any CPU
		{C9D2BBCC-3634-4941-9922-5A66947D2671}.Release|Any CPU.Deploy.0 = Release|Any CPU
		{C9D2BBCC-3634-4941-9922-5A66947D2671}.Release|iPhone.ActiveCfg = Release|Any CPU
		{C9D2BBCC-3634-4941-9922-5A66947D2671}.Release|iPhone.Build.0 = Release|Any CPU
		{C9D2BBCC-3634-4941-9922-5A66947D2671}.Release|iPhone.Deploy.0 = Release|Any CPU
		{C9D2BBCC-3634-4941-9922-5A66947D2671}.Release|iPhoneSimulator.ActiveCfg = Release|Any CPU
		{C9D2BBCC-3634-4941-9922-5A66947D2671}.Release|iPhoneSimulator.Build.0 = Release|Any CPU
		{C9D2BBCC-3634-4941-9922-5A66947D2671}.Release|iPhoneSimulator.Deploy.0 = Release|Any CPU
		{9026B5BB-BFD1-4A40-B7CC-8FE7DDC91EE3}.Debug|Any CPU.ActiveCfg = Debug|iPhone
		{9026B5BB-BFD1-4A40-B7CC-8FE7DDC91EE3}.Debug|iPhone.ActiveCfg = Debug|iPhone
		{9026B5BB-BFD1-4A40-B7CC-8FE7DDC91EE3}.Debug|iPhone.Build.0 = Debug|iPhone
		{9026B5BB-BFD1-4A40-B7CC-8FE7DDC91EE3}.Debug|iPhoneSimulator.ActiveCfg = Debug|iPhoneSimulator
		{9026B5BB-BFD1-4A40-B7CC-8FE7DDC91EE3}.Debug|iPhoneSimulator.Build.0 = Debug|iPhoneSimulator
		{9026B5BB-BFD1-4A40-B7CC-8FE7DDC91EE3}.Release|Any CPU.ActiveCfg = Release|iPhone
		{9026B5BB-BFD1-4A40-B7CC-8FE7DDC91EE3}.Release|iPhone.ActiveCfg = Release|iPhone
		{9026B5BB-BFD1-4A40-B7CC-8FE7DDC91EE3}.Release|iPhone.Build.0 = Release|iPhone
		{9026B5BB-BFD1-4A40-B7CC-8FE7DDC91EE3}.Release|iPhoneSimulator.ActiveCfg = Release|iPhoneSimulator
		{9026B5BB-BFD1-4A40-B7CC-8FE7DDC91EE3}.Release|iPhoneSimulator.Build.0 = Release|iPhoneSimulator
		{7D335382-AF9F-450A-ABB6-ECDF8A61E19E}.Debug|Any CPU.ActiveCfg = Debug|Any CPU
		{7D335382-AF9F-450A-ABB6-ECDF8A61E19E}.Debug|Any CPU.Build.0 = Debug|Any CPU
		{7D335382-AF9F-450A-ABB6-ECDF8A61E19E}.Debug|iPhone.ActiveCfg = Debug|Any CPU
		{7D335382-AF9F-450A-ABB6-ECDF8A61E19E}.Debug|iPhone.Build.0 = Debug|Any CPU
		{7D335382-AF9F-450A-ABB6-ECDF8A61E19E}.Debug|iPhoneSimulator.ActiveCfg = Debug|Any CPU
		{7D335382-AF9F-450A-ABB6-ECDF8A61E19E}.Debug|iPhoneSimulator.Build.0 = Debug|Any CPU
		{7D335382-AF9F-450A-ABB6-ECDF8A61E19E}.Release|Any CPU.ActiveCfg = Release|Any CPU
		{7D335382-AF9F-450A-ABB6-ECDF8A61E19E}.Release|Any CPU.Build.0 = Release|Any CPU
		{7D335382-AF9F-450A-ABB6-ECDF8A61E19E}.Release|iPhone.ActiveCfg = Release|Any CPU
		{7D335382-AF9F-450A-ABB6-ECDF8A61E19E}.Release|iPhone.Build.0 = Release|Any CPU
		{7D335382-AF9F-450A-ABB6-ECDF8A61E19E}.Release|iPhoneSimulator.ActiveCfg = Release|Any CPU
		{7D335382-AF9F-450A-ABB6-ECDF8A61E19E}.Release|iPhoneSimulator.Build.0 = Release|Any CPU
		{DAE4E100-E752-45D3-8CC1-131C0625AA28}.Debug|Any CPU.ActiveCfg = Debug|Any CPU
		{DAE4E100-E752-45D3-8CC1-131C0625AA28}.Debug|Any CPU.Build.0 = Debug|Any CPU
		{DAE4E100-E752-45D3-8CC1-131C0625AA28}.Debug|iPhone.ActiveCfg = Debug|Any CPU
		{DAE4E100-E752-45D3-8CC1-131C0625AA28}.Debug|iPhone.Build.0 = Debug|Any CPU
		{DAE4E100-E752-45D3-8CC1-131C0625AA28}.Debug|iPhoneSimulator.ActiveCfg = Debug|Any CPU
		{DAE4E100-E752-45D3-8CC1-131C0625AA28}.Debug|iPhoneSimulator.Build.0 = Debug|Any CPU
		{DAE4E100-E752-45D3-8CC1-131C0625AA28}.Release|Any CPU.ActiveCfg = Release|Any CPU
		{DAE4E100-E752-45D3-8CC1-131C0625AA28}.Release|Any CPU.Build.0 = Release|Any CPU
		{DAE4E100-E752-45D3-8CC1-131C0625AA28}.Release|iPhone.ActiveCfg = Release|Any CPU
		{DAE4E100-E752-45D3-8CC1-131C0625AA28}.Release|iPhone.Build.0 = Release|Any CPU
		{DAE4E100-E752-45D3-8CC1-131C0625AA28}.Release|iPhoneSimulator.ActiveCfg = Release|Any CPU
		{DAE4E100-E752-45D3-8CC1-131C0625AA28}.Release|iPhoneSimulator.Build.0 = Release|Any CPU
	EndGlobalSection
	GlobalSection(SolutionProperties) = preSolution
		HideSolutionNode = FALSE
	EndGlobalSection
	GlobalSection(ExtensibilityGlobals) = postSolution
		SolutionGuid = {F722D62A-CEA4-4107-9185-48A8C252F9E6}
	EndGlobalSection
EndGlobal
